
Microsoft Visual Studio Solution File, Format Version 12.00
# Visual Studio Express 2013 for Web
VisualStudioVersion = 12.0.30501.0
MinimumVisualStudioVersion = 10.0.40219.1
Project("{FAE04EC0-301F-11D3-BF4B-00C04F79EFBC}") = "FlowplaneExtensions", "FlowplaneExtensions\FlowplaneExtensions.csproj", "{1F3234B9-BEE7-4DED-980D-43957A1DDAD1}"
EndProject
Project("{FAE04EC0-301F-11D3-BF4B-00C04F79EFBC}") = "FlowplaneExtensions.Tests", "FlowplaneExtensions.Tests\FlowplaneExtensions.Tests.csproj", "{E20FBC08-D349-40BB-8656-1060C88C9618}"
EndProject
Project("{2150E333-8FDC-42A3-9474-1A3956D46DE8}") = "Extensions", "Extensions", "{E3C934E7-5A3F-4A93-B662-30610003E20A}"
EndProject
Project("{FAE04EC0-301F-11D3-BF4B-00C04F79EFBC}") = "ExtensionsCore", "Extensions\ExtensionsCore\ExtensionsCore.csproj", "{6753726C-A9A6-430D-84A0-7E387498CB4D}"
EndProject
Project("{FAE04EC0-301F-11D3-BF4B-00C04F79EFBC}") = "Extensions.Asana", "Extensions\Extensions.Asana\Extensions.Asana.csproj", "{28E51644-7EF5-4E7E-949A-123DBE5A44EA}"
EndProject
Project("{2150E333-8FDC-42A3-9474-1A3956D46DE8}") = ".nuget", ".nuget", "{09689439-3962-4ECF-B52F-00C89C7681F5}"
	ProjectSection(SolutionItems) = preProject
		.nuget\NuGet.Config = .nuget\NuGet.Config
		.nuget\NuGet.exe = .nuget\NuGet.exe
		.nuget\NuGet.targets = .nuget\NuGet.targets
	EndProjectSection
EndProject
Project("{FAE04EC0-301F-11D3-BF4B-00C04F79EFBC}") = "Extensions.Paymo", "Extensions\Extensions.Paymo\Extensions.Paymo.csproj", "{5E5A1181-7E9D-4C7E-9882-447A9D329DE0}"
EndProject
Global
	GlobalSection(SolutionConfigurationPlatforms) = preSolution
		Debug|Any CPU = Debug|Any CPU
		Release|Any CPU = Release|Any CPU
	EndGlobalSection
	GlobalSection(ProjectConfigurationPlatforms) = postSolution
		{1F3234B9-BEE7-4DED-980D-43957A1DDAD1}.Debug|Any CPU.ActiveCfg = Debug|Any CPU
		{1F3234B9-BEE7-4DED-980D-43957A1DDAD1}.Debug|Any CPU.Build.0 = Debug|Any CPU
		{1F3234B9-BEE7-4DED-980D-43957A1DDAD1}.Release|Any CPU.ActiveCfg = Release|Any CPU
		{1F3234B9-BEE7-4DED-980D-43957A1DDAD1}.Release|Any CPU.Build.0 = Release|Any CPU
		{E20FBC08-D349-40BB-8656-1060C88C9618}.Debug|Any CPU.ActiveCfg = Debug|Any CPU
		{E20FBC08-D349-40BB-8656-1060C88C9618}.Debug|Any CPU.Build.0 = Debug|Any CPU
		{E20FBC08-D349-40BB-8656-1060C88C9618}.Release|Any CPU.ActiveCfg = Release|Any CPU
		{E20FBC08-D349-40BB-8656-1060C88C9618}.Release|Any CPU.Build.0 = Release|Any CPU
		{6753726C-A9A6-430D-84A0-7E387498CB4D}.Debug|Any CPU.ActiveCfg = Debug|Any CPU
		{6753726C-A9A6-430D-84A0-7E387498CB4D}.Debug|Any CPU.Build.0 = Debug|Any CPU
		{6753726C-A9A6-430D-84A0-7E387498CB4D}.Release|Any CPU.ActiveCfg = Release|Any CPU
		{6753726C-A9A6-430D-84A0-7E387498CB4D}.Release|Any CPU.Build.0 = Release|Any CPU
		{28E51644-7EF5-4E7E-949A-123DBE5A44EA}.Debug|Any CPU.ActiveCfg = Debug|Any CPU
		{28E51644-7EF5-4E7E-949A-123DBE5A44EA}.Debug|Any CPU.Build.0 = Debug|Any CPU
		{28E51644-7EF5-4E7E-949A-123DBE5A44EA}.Release|Any CPU.ActiveCfg = Release|Any CPU
		{28E51644-7EF5-4E7E-949A-123DBE5A44EA}.Release|Any CPU.Build.0 = Release|Any CPU
		{5E5A1181-7E9D-4C7E-9882-447A9D329DE0}.Debug|Any CPU.ActiveCfg = Debug|Any CPU
		{5E5A1181-7E9D-4C7E-9882-447A9D329DE0}.Debug|Any CPU.Build.0 = Debug|Any CPU
		{5E5A1181-7E9D-4C7E-9882-447A9D329DE0}.Release|Any CPU.ActiveCfg = Release|Any CPU
		{5E5A1181-7E9D-4C7E-9882-447A9D329DE0}.Release|Any CPU.Build.0 = Release|Any CPU
	EndGlobalSection
	GlobalSection(SolutionProperties) = preSolution
		HideSolutionNode = FALSE
	EndGlobalSection
	GlobalSection(NestedProjects) = preSolution
		{6753726C-A9A6-430D-84A0-7E387498CB4D} = {E3C934E7-5A3F-4A93-B662-30610003E20A}
		{28E51644-7EF5-4E7E-949A-123DBE5A44EA} = {E3C934E7-5A3F-4A93-B662-30610003E20A}
		{5E5A1181-7E9D-4C7E-9882-447A9D329DE0} = {E3C934E7-5A3F-4A93-B662-30610003E20A}
	EndGlobalSection
EndGlobal
